# This file is autogenerated, do not edit; changes may be undone by the next 'dep ensure'.


[[projects]]
  branch = "reusable-encoders"
  digest = "1:c9c2a078726605536f2c71e7a282e9f267dac31ac27379d63fd91bc6215fba84"
  name = "github.com/amitbet/vnc2video"
  packages = [
    ".",
    "encoders",
  ]
  pruneopts = "UT"
  revision = "22e16ea7e65b4c8682938bed11aab7576c22533f"
  source = "https://github.com/saily/vnc2video.git"

[[projects]]
  branch = "master"
  digest = "1:7644c593fbd72dfeda547b10e0aba09fbce3c53edd45cb9e4b287184ca82d8a4"
  name = "github.com/icza/mjpeg"
  packages = ["."]
  pruneopts = "UT"
  revision = "85dfbe473743c5a48253effd11423ae2d82ac15b"

[[projects]]
  digest = "1:31e761d97c76151dde79e9d28964a812c46efc5baee4085b86f68f0c654450de"
  name = "github.com/konsorten/go-windows-terminal-sequences"
  packages = ["."]
  pruneopts = "UT"
  revision = "f55edac94c9bbba5d6182a4be46d86a2c9b5b50e"
  version = "v1.0.2"

[[projects]]
  digest = "1:04457f9f6f3ffc5fea48e71d62f2ca256637dee0a04d710288e27e05c8b41976"
  name = "github.com/sirupsen/logrus"
  packages = ["."]
  pruneopts = "UT"
  revision = "839c75faf7f98a33d445d181f3018b5c3409a45e"
  version = "v1.4.2"

[[projects]]
  digest = "1:b24d38b282bacf9791408a080f606370efa3d364e4b5fd9ba0f7b87786d3b679"
  name = "github.com/urfave/cli"
  packages = ["."]
  pruneopts = "UT"
  revision = "cfb38830724cc34fedffe9a2a29fb54fa9169cd1"
  version = "v1.20.0"

[[projects]]
  branch = "master"
  digest = "1:8f5108406bc43c7669b0d67d282e40d05c9f268615fcaf8c1f0f76965aa3f09f"
  name = "golang.org/x/sys"
  packages = ["unix"]
  pruneopts = "UT"
  revision = "4c4f7f33c9ed00de01c4c741d2177abfcfe19307"

[solve-meta]
  analyzer-name = "dep"
  analyzer-version = 1
  input-imports = [
    "github.com/amitbet/vnc2video",
    "github.com/amitbet/vnc2video/encoders",
    "github.com/sirupsen/logrus",
    "github.com/urfave/cli",
  ]
  solver-name = "gps-cdcl"
  solver-version = 1
